
Microsoft Visual Studio Solution File, Format Version 12.00
# Visual Studio Version 17
VisualStudioVersion = 17.0.31903.59
MinimumVisualStudioVersion = 10.0.40219.1
Project("{FAE04EC0-301F-11D3-BF4B-00C04F79EFBC}") = "jet_tv", "jet_tv.csproj", "{AB42583C-3F27-4AF7-AD97-910CABD8C60E}"
EndProject
Global
	GlobalSection(SolutionConfigurationPlatforms) = preSolution
		Debug|Any CPU = Debug|Any CPU
		Release|Any CPU = Release|Any CPU
	EndGlobalSection
	GlobalSection(ProjectConfigurationPlatforms) = postSolution
		{AB42583C-3F27-4AF7-AD97-910CABD8C60E}.Debug|Any CPU.ActiveCfg = Debug|Any CPU
		{AB42583C-3F27-4AF7-AD97-910CABD8C60E}.Debug|Any CPU.Build.0 = Debug|Any CPU
		{AB42583C-3F27-4AF7-AD97-910CABD8C60E}.Release|Any CPU.ActiveCfg = Release|Any CPU
		{AB42583C-3F27-4AF7-AD97-910CABD8C60E}.Release|Any CPU.Build.0 = Release|Any CPU
	EndGlobalSection
	GlobalSection(SolutionProperties) = preSolution
		HideSolutionNode = FALSE
	EndGlobalSection
	GlobalSection(ExtensibilityGlobals) = postSolution
		SolutionGuid = {913A21B8-0E5E-446E-8436-4890C4706D48}
	EndGlobalSection
EndGlobal
